
Microsoft Visual Studio Solution File, Format Version 12.00
# Visual Studio 15
VisualStudioVersion = 15.0.28307.489
MinimumVisualStudioVersion = 10.0.40219.1
Project("{FAE04EC0-301F-11D3-BF4B-00C04F79EFBC}") = "Tubes2_Stima_WPF", "Tubes2_Stima_WPF\Tubes2_Stima_WPF.csproj", "{4CF64104-DFEE-400F-A462-D16E31E88F23}"
EndProject
Global
	GlobalSection(SolutionConfigurationPlatforms) = preSolution
		Debug|Any CPU = Debug|Any CPU
		Release|Any CPU = Release|Any CPU
	EndGlobalSection
	GlobalSection(ProjectConfigurationPlatforms) = postSolution
		{4CF64104-DFEE-400F-A462-D16E31E88F23}.Debug|Any CPU.ActiveCfg = Debug|Any CPU
		{4CF64104-DFEE-400F-A462-D16E31E88F23}.Debug|Any CPU.Build.0 = Debug|Any CPU
		{4CF64104-DFEE-400F-A462-D16E31E88F23}.Release|Any CPU.ActiveCfg = Release|Any CPU
		{4CF64104-DFEE-400F-A462-D16E31E88F23}.Release|Any CPU.Build.0 = Release|Any CPU
	EndGlobalSection
	GlobalSection(SolutionProperties) = preSolution
		HideSolutionNode = FALSE
	EndGlobalSection
	GlobalSection(ExtensibilityGlobals) = postSolution
		SolutionGuid = {5ADA19D9-1DEE-4719-B702-A838719CAB78}
	EndGlobalSection
EndGlobal
